
Microsoft Visual Studio Solution File, Format Version 12.00
# Visual Studio 14
VisualStudioVersion = 14.0.25420.1
MinimumVisualStudioVersion = 10.0.40219.1
Project("{FAE04EC0-301F-11D3-BF4B-00C04F79EFBC}") = "SwaggerWithWebApi", "SwaggerWithWebApi\SwaggerWithWebApi.csproj", "{3F8BBA57-F359-4A1D-8ACC-D31BE0AA0BDC}"
EndProject
Project("{FAE04EC0-301F-11D3-BF4B-00C04F79EFBC}") = "SwaggerWithWebApi.Tests", "SwaggerWithWebApi.Tests\SwaggerWithWebApi.Tests.csproj", "{587128E9-7831-4996-9734-51166DCD576C}"
EndProject
Project("{FAE04EC0-301F-11D3-BF4B-00C04F79EFBC}") = "SwaggerWithWebApi.DataAccess", "SwaggerWithWebApi.DataAccess\SwaggerWithWebApi.DataAccess.csproj", "{CECB0F22-70D5-45CC-8E69-F2A9CD4B4253}"
EndProject
Global
	GlobalSection(SolutionConfigurationPlatforms) = preSolution
		Debug|Any CPU = Debug|Any CPU
		Release|Any CPU = Release|Any CPU
	EndGlobalSection
	GlobalSection(ProjectConfigurationPlatforms) = postSolution
		{3F8BBA57-F359-4A1D-8ACC-D31BE0AA0BDC}.Debug|Any CPU.ActiveCfg = Debug|Any CPU
		{3F8BBA57-F359-4A1D-8ACC-D31BE0AA0BDC}.Debug|Any CPU.Build.0 = Debug|Any CPU
		{3F8BBA57-F359-4A1D-8ACC-D31BE0AA0BDC}.Release|Any CPU.ActiveCfg = Release|Any CPU
		{3F8BBA57-F359-4A1D-8ACC-D31BE0AA0BDC}.Release|Any CPU.Build.0 = Release|Any CPU
		{587128E9-7831-4996-9734-51166DCD576C}.Debug|Any CPU.ActiveCfg = Debug|Any CPU
		{587128E9-7831-4996-9734-51166DCD576C}.Debug|Any CPU.Build.0 = Debug|Any CPU
		{587128E9-7831-4996-9734-51166DCD576C}.Release|Any CPU.ActiveCfg = Release|Any CPU
		{587128E9-7831-4996-9734-51166DCD576C}.Release|Any CPU.Build.0 = Release|Any CPU
		{CECB0F22-70D5-45CC-8E69-F2A9CD4B4253}.Debug|Any CPU.ActiveCfg = Debug|Any CPU
		{CECB0F22-70D5-45CC-8E69-F2A9CD4B4253}.Debug|Any CPU.Build.0 = Debug|Any CPU
		{CECB0F22-70D5-45CC-8E69-F2A9CD4B4253}.Release|Any CPU.ActiveCfg = Release|Any CPU
		{CECB0F22-70D5-45CC-8E69-F2A9CD4B4253}.Release|Any CPU.Build.0 = Release|Any CPU
	EndGlobalSection
	GlobalSection(SolutionProperties) = preSolution
		HideSolutionNode = FALSE
	EndGlobalSection
EndGlobal
